<?xml version="1.0" encoding="utf-8"?>
<Project ToolsVersion="4.0" xmlns="http://schemas.microsoft.com/developer/msbuild/2003">
  <ItemGroup>
    <Filter Include="src">
      <UniqueIdentifier>{3a15c90e-f24c-4aa9-9ab9-4fa2876aeaad}</UniqueIdentifier>
    </Filter>
    <Filter Include="src\dll">
      <UniqueIdentifier>{a4192b7a-bafc-47c2-bd8a-970ee2a3d100}</UniqueIdentifier>
    </Filter>
    <Filter Include="src\ec">
      <UniqueIdentifier>{5c3cea5f-cc8a-478f-a184-84927716ee9f}</UniqueIdentifier>
    </Filter>
  </ItemGroup>
  <ItemGroup>
    <None Include="ACF_EPLBinding.e">
      <Filter>src\ec</Filter>
    </None>
  </ItemGroup>
  <ItemGroup>
    <ClCompile Include="src\wrapper_environment.cc">
      <Filter>src\dll</Filter>
    </ClCompile>
    <ClCompile Include="src\wrapper_handler_interface.cc">
      <Filter>src\dll</Filter>
    </ClCompile>
    <ClCompile Include="src\struct_class.cc">
      <Filter>src\dll</Filter>
    </ClCompile>
    <ClCompile Include="src\wrapper_utility.cc">
      <Filter>src\dll</Filter>
    </ClCompile>
    <ClCompile Include="src\wrapper_profile.cc">
      <Filter>src\dll</Filter>
    </ClCompile>
    <ClCompile Include="src\wrapper_browser.cc">
      <Filter>src\dll</Filter>
    </ClCompile>
    <ClCompile Include="src\message_pump.cc">
      <Filter>src\dll</Filter>
    </ClCompile>
    <ClCompile Include="src\wrapper_values.cc">
      <Filter>src\dll</Filter>
    </ClCompile>
    <ClCompile Include="src\wrapper_callback.cc">
      <Filter>src\dll</Filter>
    </ClCompile>
  </ItemGroup>
  <ItemGroup>
    <ClInclude Include="src\wrapper_types.h">
      <Filter>src\dll</Filter>
    </ClInclude>
    <ClInclude Include="src\wrapper_handler_interface.h">
      <Filter>src\dll</Filter>
    </ClInclude>
    <ClInclude Include="src\struct_class.h">
      <Filter>src\dll</Filter>
    </ClInclude>
    <ClInclude Include="src\wrapper_utility.h">
      <Filter>src\dll</Filter>
    </ClInclude>
    <ClInclude Include="src\message_pump.h">
      <Filter>src\dll</Filter>
    </ClInclude>
  </ItemGroup>
</Project>